
Microsoft Visual Studio Solution File, Format Version 12.00
# Visual Studio Version 17
VisualStudioVersion = 17.13.35931.197 d17.13
MinimumVisualStudioVersion = 10.0.40219.1
Project("{FAE04EC0-301F-11D3-BF4B-00C04F79EFBC}") = "ERP_System", "ERP_System.csproj", "{898D18B9-C421-A182-E643-379A97EF808D}"
EndProject
Global
	GlobalSection(SolutionConfigurationPlatforms) = preSolution
		Debug|Any CPU = Debug|Any CPU
		Release|Any CPU = Release|Any CPU
	EndGlobalSection
	GlobalSection(ProjectConfigurationPlatforms) = postSolution
		{898D18B9-C421-A182-E643-379A97EF808D}.Debug|Any CPU.ActiveCfg = Debug|Any CPU
		{898D18B9-C421-A182-E643-379A97EF808D}.Debug|Any CPU.Build.0 = Debug|Any CPU
		{898D18B9-C421-A182-E643-379A97EF808D}.Release|Any CPU.ActiveCfg = Release|Any CPU
		{898D18B9-C421-A182-E643-379A97EF808D}.Release|Any CPU.Build.0 = Release|Any CPU
	EndGlobalSection
	GlobalSection(SolutionProperties) = preSolution
		HideSolutionNode = FALSE
	EndGlobalSection
	GlobalSection(ExtensibilityGlobals) = postSolution
		SolutionGuid = {000A39A1-461A-4B73-B465-DD2B3981CB90}
	EndGlobalSection
EndGlobal
